dependencies:
- name: ms-dep-pkg-cud
  repository: https://ortelius.github.io/ms-dep-pkg-cud/
  version: 10.0.1
- name: ms-dep-pkg-r
  repository: https://ortelius.github.io/ms-dep-pkg-r/
  version: 10.0.1
- name: ms-textfile-crud
  repository: https://ortelius.github.io/ms-textfile-crud/
  version: 10.0.1
- name: ms-compitem-crud
  repository: https://ortelius.github.io/ms-compitem-crud/
  version: 10.0.1
- name: ms-validate-user
  repository: https://ortelius.github.io/ms-validate-user/
  version: 10.0.1
- name: ms-scorecard
  repository: https://ortelius.github.io/ms-scorecard/
  version: 10.0.38
digest: sha256:92d8e5388e638da12962f4a47376423d81a6de7cf00687cda06b6ca878a7139b
generated: "2022-11-10T20:32:56.615208193Z"
